
Microsoft Visual Studio Solution File, Format Version 12.00
# Visual Studio Version 17
VisualStudioVersion = 17.7.34031.279
MinimumVisualStudioVersion = 10.0.40219.1
Project("{FAE04EC0-301F-11D3-BF4B-00C04F79EFBC}") = "JogoDaForca", "JogoDaForca\JogoDaForca.csproj", "{E42EF8BB-65BA-4C95-81E1-F1C523BB2637}"
EndProject
Global
	GlobalSection(SolutionConfigurationPlatforms) = preSolution
		Debug|Any CPU = Debug|Any CPU
		Release|Any CPU = Release|Any CPU
	EndGlobalSection
	GlobalSection(ProjectConfigurationPlatforms) = postSolution
		{E42EF8BB-65BA-4C95-81E1-F1C523BB2637}.Debug|Any CPU.ActiveCfg = Debug|Any CPU
		{E42EF8BB-65BA-4C95-81E1-F1C523BB2637}.Debug|Any CPU.Build.0 = Debug|Any CPU
		{E42EF8BB-65BA-4C95-81E1-F1C523BB2637}.Release|Any CPU.ActiveCfg = Release|Any CPU
		{E42EF8BB-65BA-4C95-81E1-F1C523BB2637}.Release|Any CPU.Build.0 = Release|Any CPU
	EndGlobalSection
	GlobalSection(SolutionProperties) = preSolution
		HideSolutionNode = FALSE
	EndGlobalSection
	GlobalSection(ExtensibilityGlobals) = postSolution
		SolutionGuid = {12F9E792-D207-47E7-908B-880BD2C9A1B8}
	EndGlobalSection
EndGlobal
